
Microsoft Visual Studio Solution File, Format Version 12.00
# Visual Studio Version 17
VisualStudioVersion = 17.14.36301.6 d17.14
MinimumVisualStudioVersion = 10.0.40219.1
Project("{FAE04EC0-301F-11D3-BF4B-00C04F79EFBC}") = "Level2-S4", "Level2-S4\Level2-S4.csproj", "{FAAFF29D-604B-4BE5-A294-16F75D77A708}"
EndProject
Global
	GlobalSection(SolutionConfigurationPlatforms) = preSolution
		Debug|Any CPU = Debug|Any CPU
		Release|Any CPU = Release|Any CPU
	EndGlobalSection
	GlobalSection(ProjectConfigurationPlatforms) = postSolution
		{FAAFF29D-604B-4BE5-A294-16F75D77A708}.Debug|Any CPU.ActiveCfg = Debug|Any CPU
		{FAAFF29D-604B-4BE5-A294-16F75D77A708}.Debug|Any CPU.Build.0 = Debug|Any CPU
		{FAAFF29D-604B-4BE5-A294-16F75D77A708}.Release|Any CPU.ActiveCfg = Release|Any CPU
		{FAAFF29D-604B-4BE5-A294-16F75D77A708}.Release|Any CPU.Build.0 = Release|Any CPU
	EndGlobalSection
	GlobalSection(SolutionProperties) = preSolution
		HideSolutionNode = FALSE
	EndGlobalSection
	GlobalSection(ExtensibilityGlobals) = postSolution
		SolutionGuid = {3D2C8357-4091-47CB-9AAE-D1C3EB45FE0A}
	EndGlobalSection
EndGlobal
